
Microsoft Visual Studio Solution File, Format Version 12.00
# Visual Studio Version 16
VisualStudioVersion = 16.0.30128.74
MinimumVisualStudioVersion = 10.0.40219.1
Project("{F184B08F-C81C-45F6-A57F-5ABD9991F28F}") = "Pizzaria_SQL", "Pizzaria_SQL\Pizzaria_SQL.vbproj", "{EBCC12D0-BAB4-4079-9270-3F19B931056D}"
EndProject
Global
	GlobalSection(SolutionConfigurationPlatforms) = preSolution
		Debug|Any CPU = Debug|Any CPU
		Release|Any CPU = Release|Any CPU
	EndGlobalSection
	GlobalSection(ProjectConfigurationPlatforms) = postSolution
		{EBCC12D0-BAB4-4079-9270-3F19B931056D}.Debug|Any CPU.ActiveCfg = Debug|Any CPU
		{EBCC12D0-BAB4-4079-9270-3F19B931056D}.Debug|Any CPU.Build.0 = Debug|Any CPU
		{EBCC12D0-BAB4-4079-9270-3F19B931056D}.Release|Any CPU.ActiveCfg = Release|Any CPU
		{EBCC12D0-BAB4-4079-9270-3F19B931056D}.Release|Any CPU.Build.0 = Release|Any CPU
	EndGlobalSection
	GlobalSection(SolutionProperties) = preSolution
		HideSolutionNode = FALSE
	EndGlobalSection
	GlobalSection(ExtensibilityGlobals) = postSolution
		SolutionGuid = {0507D3E8-53F8-4CBC-819F-FC2599662C78}
	EndGlobalSection
EndGlobal
